{
  "name": "gestionstagiaires",
  "lockfileVersion": 3,
  "requires": true,
  "packages": {
    "": {
      "dependencies": {
        "docxtemplater": "^3.65.3",
        "pizzip": "^3.2.0"
      }
    },
    "node_modules/docxtemplater": {
      "version": "3.65.3",
      "resolved": "https://registry.npmjs.org/docxtemplater/-/docxtemplater-3.65.3.tgz",
      "license": "MIT OR GPL-3.0-or-later",
      "engines": {
        "node": ">=0.10"
      }
    },
    "node_modules/immediate": {
      "version": "3.0.6",
      "resolved": "https://registry.npmjs.org/immediate/-/immediate-3.0.6.tgz",
      "license": "MIT"
    },
    "node_modules/lie": {
      "version": "3.3.0",
      "resolved": "https://registry.npmjs.org/lie/-/lie-3.3.0.tgz",
      "license": "MIT",
      "dependencies": {
        "immediate": "~3.0.5"
      }
    },
    "node_modules/pako": {
      "version": "1.0.11",
      "resolved": "https://registry.npmjs.org/pako/-/pako-1.0.11.tgz",
      "license": "(MIT AND Zlib)"
    },
    "node_modules/pizzip": {
      "version": "3.2.0",
      "resolved": "https://registry.npmjs.org/pizzip/-/pizzip-3.2.0.tgz",
      "license": "MIT OR GPL-3.0-or-later",
      "dependencies": {
        "pako": "~1.0.2"
      }
    }
  }
}
